// !$*UTF8*$!
{
	archiveVersion = 1;
	classes = {
	};
	objectVersion = 48;
	objects = {

/* Begin PBXBuildFile section */
		5B01C2A4205D5C8100673865 /* DrobPin.swift in Sources */ = {isa = PBXBuildFile; fileRef = 5B01C2A3205D5C8100673865 /* DrobPin.swift */; };
		5B01C2A7205D9CD800673865 /* ImagesCollectionViewCell.swift in Sources */ = {isa = PBXBuildFile; fileRef = 5B01C2A6205D9CD800673865 /* ImagesCollectionViewCell.swift */; };
		5B01C2A9205DF63400673865 /* Photo.swift in Sources */ = {isa = PBXBuildFile; fileRef = 5B01C2A8205DF63400673865 /* Photo.swift */; };
		5B040233205CBADC00756EDF /* AppDelegate.swift in Sources */ = {isa = PBXBuildFile; fileRef = 5B040232205CBADC00756EDF /* AppDelegate.swift */; };
		5B040235205CBADC00756EDF /* MapVC.swift in Sources */ = {isa = PBXBuildFile; fileRef = 5B040234205CBADC00756EDF /* MapVC.swift */; };
		5B040238205CBADD00756EDF /* Main.storyboard in Resources */ = {isa = PBXBuildFile; fileRef = 5B040236205CBADD00756EDF /* Main.storyboard */; };
		5B04023A205CBADD00756EDF /* Assets.xcassets in Resources */ = {isa = PBXBuildFile; fileRef = 5B040239205CBADD00756EDF /* Assets.xcassets */; };
		5B04023D205CBADD00756EDF /* LaunchScreen.storyboard in Resources */ = {isa = PBXBuildFile; fileRef = 5B04023B205CBADD00756EDF /* LaunchScreen.storyboard */; };
		5B040246205CC7DD00756EDF /* ImageVC.swift in Sources */ = {isa = PBXBuildFile; fileRef = 5B040245205CC7DD00756EDF /* ImageVC.swift */; };
		DC5C4E67ED2C7FD1C4EF1C91 /* Pods_InstaLife.framework in Frameworks */ = {isa = PBXBuildFile; fileRef = 8AC8DF14AD4D195684E1D71B /* Pods_InstaLife.framework */; };
/* End PBXBuildFile section */

/* Begin PBXFileReference section */
		5B01C2A3205D5C8100673865 /* DrobPin.swift */ = {isa = PBXFileReference; lastKnownFileType = sourcecode.swift; path = DrobPin.swift; sourceTree = "<group>"; };
		5B01C2A6205D9CD800673865 /* ImagesCollectionViewCell.swift */ = {isa = PBXFileReference; lastKnownFileType = sourcecode.swift; path = ImagesCollectionViewCell.swift; sourceTree = "<group>"; };
		5B01C2A8205DF63400673865 /* Photo.swift */ = {isa = PBXFileReference; lastKnownFileType = sourcecode.swift; path = Photo.swift; sourceTree = "<group>"; };
		5B04022F205CBADC00756EDF /* InstaLife.app */ = {isa = PBXFileReference; explicitFileType = wrapper.application; includeInIndex = 0; path = InstaLife.app; sourceTree = BUILT_PRODUCTS_DIR; };
		5B040232205CBADC00756EDF /* AppDelegate.swift */ = {isa = PBXFileReference; lastKnownFileType = sourcecode.swift; path = AppDelegate.swift; sourceTree = "<group>"; };
		5B040234205CBADC00756EDF /* MapVC.swift */ = {isa = PBXFileReference; lastKnownFileType = sourcecode.swift; path = MapVC.swift; sourceTree = "<group>"; };
		5B040237205CBADD00756EDF /* Base */ = {isa = PBXFileReference; lastKnownFileType = file.storyboard; name = Base; path = Base.lproj/Main.storyboard; sourceTree = "<group>"; };
		5B040239205CBADD00756EDF /* Assets.xcassets */ = {isa = PBXFileReference; lastKnownFileType = folder.assetcatalog; path = Assets.xcassets; sourceTree = "<group>"; };
		5B04023C205CBADD00756EDF /* Base */ = {isa = PBXFileReference; lastKnownFileType = file.storyboard; name = Base; path = Base.lproj/LaunchScreen.storyboard; sourceTree = "<group>"; };
		5B04023E205CBADD00756EDF /* Info.plist */ = {isa = PBXFileReference; lastKnownFileType = text.plist.xml; path = Info.plist; sourceTree = "<group>"; };
		5B040245205CC7DD00756EDF /* ImageVC.swift */ = {isa = PBXFileReference; lastKnownFileType = sourcecode.swift; path = ImageVC.swift; sourceTree = "<group>"; };
		8AC8DF14AD4D195684E1D71B /* Pods_InstaLife.framework */ = {isa = PBXFileReference; explicitFileType = wrapper.framework; includeInIndex = 0; path = Pods_InstaLife.framework; sourceTree = BUILT_PRODUCTS_DIR; };
		BCD16EC2076B76FDFD9B6BCB /* Pods-InstaLife.debug.xcconfig */ = {isa = PBXFileReference; includeInIndex = 1; lastKnownFileType = text.xcconfig; name = "Pods-InstaLife.debug.xcconfig"; path = "Pods/Target Support Files/Pods-InstaLife/Pods-InstaLife.debug.xcconfig"; sourceTree = "<group>"; };
		F9A3FB5CEDAFA30899980077 /* Pods-InstaLife.release.xcconfig */ = {isa = PBXFileReference; includeInIndex = 1; lastKnownFileType = text.xcconfig; name = "Pods-InstaLife.release.xcconfig"; path = "Pods/Target Support Files/Pods-InstaLife/Pods-InstaLife.release.xcconfig"; sourceTree = "<group>"; };
/* End PBXFileReference section */

/* Begin PBXFrameworksBuildPhase section */
		5B04022C205CBADC00756EDF /* Frameworks */ = {
			isa = PBXFrameworksBuildPhase;
			buildActionMask = 2147483647;
			files = (
				DC5C4E67ED2C7FD1C4EF1C91 /* Pods_InstaLife.framework in Frameworks */,
			);
			runOnlyForDeploymentPostprocessing = 0;
		};
/* End PBXFrameworksBuildPhase section */

/* Begin PBXGroup section */
		50057758BC39E28A7250EC75 /* Pods */ = {
			isa = PBXGroup;
			children = (
				BCD16EC2076B76FDFD9B6BCB /* Pods-InstaLife.debug.xcconfig */,
				F9A3FB5CEDAFA30899980077 /* Pods-InstaLife.release.xcconfig */,
			);
			name = Pods;
			sourceTree = "<group>";
		};
		5B01C2A5205D9CA100673865 /* Model */ = {
			isa = PBXGroup;
			children = (
				5B01C2A8205DF63400673865 /* Photo.swift */,
			);
			path = Model;
			sourceTree = "<group>";
		};
		5B040226205CBADC00756EDF = {
			isa = PBXGroup;
			children = (
				5B040231205CBADC00756EDF /* InstaLife */,
				5B040230205CBADC00756EDF /* Products */,
				50057758BC39E28A7250EC75 /* Pods */,
				967A4E522D7BE0BF2E696296 /* Frameworks */,
			);
			sourceTree = "<group>";
		};
		5B040230205CBADC00756EDF /* Products */ = {
			isa = PBXGroup;
			children = (
				5B04022F205CBADC00756EDF /* InstaLife.app */,
			);
			name = Products;
			sourceTree = "<group>";
		};
		5B040231205CBADC00756EDF /* InstaLife */ = {
			isa = PBXGroup;
			children = (
				5B01C2A5205D9CA100673865 /* Model */,
				5B040247205CCF4400756EDF /* View */,
				5B040244205CC75500756EDF /* Controller */,
				5B040239205CBADD00756EDF /* Assets.xcassets */,
				5B04023E205CBADD00756EDF /* Info.plist */,
			);
			path = InstaLife;
			sourceTree = "<group>";
		};
		5B040244205CC75500756EDF /* Controller */ = {
			isa = PBXGroup;
			children = (
				5B040232205CBADC00756EDF /* AppDelegate.swift */,
				5B040234205CBADC00756EDF /* MapVC.swift */,
				5B040245205CC7DD00756EDF /* ImageVC.swift */,
				5B01C2A6205D9CD800673865 /* ImagesCollectionViewCell.swift */,
			);
			path = Controller;
			sourceTree = "<group>";
		};
		5B040247205CCF4400756EDF /* View */ = {
			isa = PBXGroup;
			children = (
				5B04023B205CBADD00756EDF /* LaunchScreen.storyboard */,
				5B040236205CBADD00756EDF /* Main.storyboard */,
				5B01C2A3205D5C8100673865 /* DrobPin.swift */,
			);
			path = View;
			sourceTree = "<group>";
		};
		967A4E522D7BE0BF2E696296 /* Frameworks */ = {
			isa = PBXGroup;
			children = (
				8AC8DF14AD4D195684E1D71B /* Pods_InstaLife.framework */,
			);
			name = Frameworks;
			sourceTree = "<group>";
		};
/* End PBXGroup section */

/* Begin PBXNativeTarget section */
		5B04022E205CBADC00756EDF /* InstaLife */ = {
			isa = PBXNativeTarget;
			buildConfigurationList = 5B040241205CBADD00756EDF /* Build configuration list for PBXNativeTarget "InstaLife" */;
			buildPhases = (
				8FC29B85373B6BC3991EF2D1 /* [CP] Check Pods Manifest.lock */,
				5B04022B205CBADC00756EDF /* Sources */,
				5B04022C205CBADC00756EDF /* Frameworks */,
				5B04022D205CBADC00756EDF /* Resources */,
				F2EAD694FB86E710D927CC04 /* [CP] Embed Pods Frameworks */,
				31A5961BB151DC3AEAAF3C68 /* [CP] Copy Pods Resources */,
			);
			buildRules = (
			);
			dependencies = (
			);
			name = InstaLife;
			productName = InstaLife;
			productReference = 5B04022F205CBADC00756EDF /* InstaLife.app */;
			productType = "com.apple.product-type.application";
		};
/* End PBXNativeTarget section */

/* Begin PBXProject section */
		5B040227205CBADC00756EDF /* Project object */ = {
			isa = PBXProject;
			attributes = {
				LastSwiftUpdateCheck = 0920;
				LastUpgradeCheck = 0920;
				ORGANIZATIONNAME = SherifShokry;
				TargetAttributes = {
					5B04022E205CBADC00756EDF = {
						CreatedOnToolsVersion = 9.2;
						ProvisioningStyle = Automatic;
					};
				};
			};
			buildConfigurationList = 5B04022A205CBADC00756EDF /* Build configuration list for PBXProject "InstaLife" */;
			compatibilityVersion = "Xcode 8.0";
			developmentRegion = en;
			hasScannedForEncodings = 0;
			knownRegions = (
				en,
				Base,
			);
			mainGroup = 5B040226205CBADC00756EDF;
			productRefGroup = 5B040230205CBADC00756EDF /* Products */;
			projectDirPath = "";
			projectRoot = "";
			targets = (
				5B04022E205CBADC00756EDF /* InstaLife */,
			);
		};
/* End PBXProject section */

/* Begin PBXResourcesBuildPhase section */
		5B04022D205CBADC00756EDF /* Resources */ = {
			isa = PBXResourcesBuildPhase;
			buildActionMask = 2147483647;
			files = (
				5B04023D205CBADD00756EDF /* LaunchScreen.storyboard in Resources */,
				5B04023A205CBADD00756EDF /* Assets.xcassets in Resources */,
				5B040238205CBADD00756EDF /* Main.storyboard in Resources */,
			);
			runOnlyForDeploymentPostprocessing = 0;
		};
/* End PBXResourcesBuildPhase section */

/* Begin PBXShellScriptBuildPhase section */
		31A5961BB151DC3AEAAF3C68 /* [CP] Copy Pods Resources */ = {
			isa = PBXShellScriptBuildPhase;
			buildActionMask = 2147483647;
			files = (
			);
			inputPaths = (
			);
			name = "[CP] Copy Pods Resources";
			outputPaths = (
			);
			runOnlyForDeploymentPostprocessing = 0;
			shellPath = /bin/sh;
			shellScript = "\"${SRCROOT}/Pods/Target Support Files/Pods-InstaLife/Pods-InstaLife-resources.sh\"\n";
			showEnvVarsInLog = 0;
		};
		8FC29B85373B6BC3991EF2D1 /* [CP] Check Pods Manifest.lock */ = {
			isa = PBXShellScriptBuildPhase;
			buildActionMask = 2147483647;
			files = (
			);
			inputPaths = (
				"${PODS_PODFILE_DIR_PATH}/Podfile.lock",
				"${PODS_ROOT}/Manifest.lock",
			);
			name = "[CP] Check Pods Manifest.lock";
			outputPaths = (
				"$(DERIVED_FILE_DIR)/Pods-InstaLife-checkManifestLockResult.txt",
			);
			runOnlyForDeploymentPostprocessing = 0;
			shellPath = /bin/sh;
			shellScript = "diff \"${PODS_PODFILE_DIR_PATH}/Podfile.lock\" \"${PODS_ROOT}/Manifest.lock\" > /dev/null\nif [ $? != 0 ] ; then\n    # print error to STDERR\n    echo \"error: The sandbox is not in sync with the Podfile.lock. Run 'pod install' or update your CocoaPods installation.\" >&2\n    exit 1\nfi\n# This output is used by Xcode 'outputs' to avoid re-running this script phase.\necho \"SUCCESS\" > \"${SCRIPT_OUTPUT_FILE_0}\"\n";
			showEnvVarsInLog = 0;
		};
		F2EAD694FB86E710D927CC04 /* [CP] Embed Pods Frameworks */ = {
			isa = PBXShellScriptBuildPhase;
			buildActionMask = 2147483647;
			files = (
			);
			inputPaths = (
				"${SRCROOT}/Pods/Target Support Files/Pods-InstaLife/Pods-InstaLife-frameworks.sh",
				"${BUILT_PRODUCTS_DIR}/Alamofire/Alamofire.framework",
				"${BUILT_PRODUCTS_DIR}/AlamofireImage/AlamofireImage.framework",
				"${BUILT_PRODUCTS_DIR}/SwiftyJSON/SwiftyJSON.framework",
			);
			name = "[CP] Embed Pods Frameworks";
			outputPaths = (
				"${TARGET_BUILD_DIR}/${FRAMEWORKS_FOLDER_PATH}/Alamofire.framework",
				"${TARGET_BUILD_DIR}/${FRAMEWORKS_FOLDER_PATH}/AlamofireImage.framework",
				"${TARGET_BUILD_DIR}/${FRAMEWORKS_FOLDER_PATH}/SwiftyJSON.framework",
			);
			runOnlyForDeploymentPostprocessing = 0;
			shellPath = /bin/sh;
			shellScript = "\"${SRCROOT}/Pods/Target Support Files/Pods-InstaLife/Pods-InstaLife-frameworks.sh\"\n";
			showEnvVarsInLog = 0;
		};
/* End PBXShellScriptBuildPhase section */

/* Begin PBXSourcesBuildPhase section */
		5B04022B205CBADC00756EDF /* Sources */ = {
			isa = PBXSourcesBuildPhase;
			buildActionMask = 2147483647;
			files = (
				5B01C2A9205DF63400673865 /* Photo.swift in Sources */,
				5B01C2A4205D5C8100673865 /* DrobPin.swift in Sources */,
				5B040235205CBADC00756EDF /* MapVC.swift in Sources */,
				5B040233205CBADC00756EDF /* AppDelegate.swift in Sources */,
				5B01C2A7205D9CD800673865 /* ImagesCollectionViewCell.swift in Sources */,
				5B040246205CC7DD00756EDF /* ImageVC.swift in Sources */,
			);
			runOnlyForDeploymentPostprocessing = 0;
		};
/* End PBXSourcesBuildPhase section */

/* Begin PBXVariantGroup section */
		5B040236205CBADD00756EDF /* Main.storyboard */ = {
			isa = PBXVariantGroup;
			children = (
				5B040237205CBADD00756EDF /* Base */,
			);
			name = Main.storyboard;
			sourceTree = "<group>";
		};
		5B04023B205CBADD00756EDF /* LaunchScreen.storyboard */ = {
			isa = PBXVariantGroup;
			children = (
				5B04023C205CBADD00756EDF /* Base */,
			);
			name = LaunchScreen.storyboard;
			sourceTree = "<group>";
		};
/* End PBXVariantGroup section */

/* Begin XCBuildConfiguration section */
		5B04023F205CBADD00756EDF /* Debug */ = {
			isa = XCBuildConfiguration;
			buildSettings = {
				ALWAYS_SEARCH_USER_PATHS = NO;
				CLANG_ANALYZER_NONNULL = YES;
				CLANG_ANALYZER_NUMBER_OBJECT_CONVERSION = YES_AGGRESSIVE;
				CLANG_CXX_LANGUAGE_STANDARD = "gnu++14";
				CLANG_CXX_LIBRARY = "libc++";
				CLANG_ENABLE_MODULES = YES;
				CLANG_ENABLE_OBJC_ARC = YES;
				CLANG_WARN_BLOCK_CAPTURE_AUTORELEASING = YES;
				CLANG_WARN_BOOL_CONVERSION = YES;
				CLANG_WARN_COMMA = YES;
				CLANG_WARN_CONSTANT_CONVERSION = YES;
				CLANG_WARN_DIRECT_OBJC_ISA_USAGE = YES_ERROR;
				CLANG_WARN_DOCUMENTATION_COMMENTS = YES;
				CLANG_WARN_EMPTY_BODY = YES;
				CLANG_WARN_ENUM_CONVERSION = YES;
				CLANG_WARN_INFINITE_RECURSION = YES;
				CLANG_WARN_INT_CONVERSION = YES;
				CLANG_WARN_NON_LITERAL_NULL_CONVERSION = YES;
				CLANG_WARN_OBJC_LITERAL_CONVERSION = YES;
				CLANG_WARN_OBJC_ROOT_CLASS = YES_ERROR;
				CLANG_WARN_RANGE_LOOP_ANALYSIS = YES;
				CLANG_WARN_STRICT_PROTOTYPES = YES;
				CLANG_WARN_SUSPICIOUS_MOVE = YES;
				CLANG_WARN_UNGUARDED_AVAILABILITY = YES_AGGRESSIVE;
				CLANG_WARN_UNREACHABLE_CODE = YES;
				CLANG_WARN__DUPLICATE_METHOD_MATCH = YES;
				CODE_SIGN_IDENTITY = "iPhone Developer";
				COPY_PHASE_STRIP = NO;
				DEBUG_INFORMATION_FORMAT = dwarf;
				ENABLE_STRICT_OBJC_MSGSEND = YES;
				ENABLE_TESTABILITY = YES;
				GCC_C_LANGUAGE_STANDARD = gnu11;
				GCC_DYNAMIC_NO_PIC = NO;
				GCC_NO_COMMON_BLOCKS = YES;
				GCC_OPTIMIZATION_LEVEL = 0;
				GCC_PREPROCESSOR_DEFINITIONS = (
					"DEBUG=1",
					"$(inherited)",
				);
				GCC_WARN_64_TO_32_BIT_CONVERSION = YES;
				GCC_WARN_ABOUT_RETURN_TYPE = YES_ERROR;
				GCC_WARN_UNDECLARED_SELECTOR = YES;
				GCC_WARN_UNINITIALIZED_AUTOS = YES_AGGRESSIVE;
				GCC_WARN_UNUSED_FUNCTION = YES;
				GCC_WARN_UNUSED_VARIABLE = YES;
				IPHONEOS_DEPLOYMENT_TARGET = 11.2;
				MTL_ENABLE_DEBUG_INFO = YES;
				ONLY_ACTIVE_ARCH = YES;
				SDKROOT = iphoneos;
				SWIFT_ACTIVE_COMPILATION_CONDITIONS = DEBUG;
				SWIFT_OPTIMIZATION_LEVEL = "-Onone";
			};
			name = Debug;
		};
		5B040240205CBADD00756EDF /* Release */ = {
			isa = XCBuildConfiguration;
			buildSettings = {
				ALWAYS_SEARCH_USER_PATHS = NO;
				CLANG_ANALYZER_NONNULL = YES;
				CLANG_ANALYZER_NUMBER_OBJECT_CONVERSION = YES_AGGRESSIVE;
				CLANG_CXX_LANGUAGE_STANDARD = "gnu++14";
				CLANG_CXX_LIBRARY = "libc++";
				CLANG_ENABLE_MODULES = YES;
				CLANG_ENABLE_OBJC_ARC = YES;
				CLANG_WARN_BLOCK_CAPTURE_AUTORELEASING = YES;
				CLANG_WARN_BOOL_CONVERSION = YES;
				CLANG_WARN_COMMA = YES;
				CLANG_WARN_CONSTANT_CONVERSION = YES;
				CLANG_WARN_DIRECT_OBJC_ISA_USAGE = YES_ERROR;
				CLANG_WARN_DOCUMENTATION_COMMENTS = YES;
				CLANG_WARN_EMPTY_BODY = YES;
				CLANG_WARN_ENUM_CONVERSION = YES;
				CLANG_WARN_INFINITE_RECURSION = YES;
				CLANG_WARN_INT_CONVERSION = YES;
				CLANG_WARN_NON_LITERAL_NULL_CONVERSION = YES;
				CLANG_WARN_OBJC_LITERAL_CONVERSION = YES;
				CLANG_WARN_OBJC_ROOT_CLASS = YES_ERROR;
				CLANG_WARN_RANGE_LOOP_ANALYSIS = YES;
				CLANG_WARN_STRICT_PROTOTYPES = YES;
				CLANG_WARN_SUSPICIOUS_MOVE = YES;
				CLANG_WARN_UNGUARDED_AVAILABILITY = YES_AGGRESSIVE;
				CLANG_WARN_UNREACHABLE_CODE = YES;
				CLANG_WARN__DUPLICATE_METHOD_MATCH = YES;
				CODE_SIGN_IDENTITY = "iPhone Developer";
				COPY_PHASE_STRIP = NO;
				DEBUG_INFORMATION_FORMAT = "dwarf-with-dsym";
				ENABLE_NS_ASSERTIONS = NO;
				ENABLE_STRICT_OBJC_MSGSEND = YES;
				GCC_C_LANGUAGE_STANDARD = gnu11;
				GCC_NO_COMMON_BLOCKS = YES;
				GCC_WARN_64_TO_32_BIT_CONVERSION = YES;
				GCC_WARN_ABOUT_RETURN_TYPE = YES_ERROR;
				GCC_WARN_UNDECLARED_SELECTOR = YES;
				GCC_WARN_UNINITIALIZED_AUTOS = YES_AGGRESSIVE;
				GCC_WARN_UNUSED_FUNCTION = YES;
				GCC_WARN_UNUSED_VARIABLE = YES;
				IPHONEOS_DEPLOYMENT_TARGET = 11.2;
				MTL_ENABLE_DEBUG_INFO = NO;
				SDKROOT = iphoneos;
				SWIFT_OPTIMIZATION_LEVEL = "-Owholemodule";
				VALIDATE_PRODUCT = YES;
			};
			name = Release;
		};
		5B040242205CBADD00756EDF /* Debug */ = {
			isa = XCBuildConfiguration;
			baseConfigurationReference = BCD16EC2076B76FDFD9B6BCB /* Pods-InstaLife.debug.xcconfig */;
			buildSettings = {
				ASSETCATALOG_COMPILER_APPICON_NAME = AppIcon;
				CODE_SIGN_STYLE = Automatic;
				INFOPLIST_FILE = InstaLife/Info.plist;
				LD_RUNPATH_SEARCH_PATHS = "$(inherited) @executable_path/Frameworks";
				PRODUCT_BUNDLE_IDENTIFIER = com.shokry.InstaLife;
				PRODUCT_NAME = "$(TARGET_NAME)";
				SWIFT_VERSION = 4.0;
				TARGETED_DEVICE_FAMILY = "1,2";
			};
			name = Debug;
		};
		5B040243205CBADD00756EDF /* Release */ = {
			isa = XCBuildConfiguration;
			baseConfigurationReference = F9A3FB5CEDAFA30899980077 /* Pods-InstaLife.release.xcconfig */;
			buildSettings = {
				ASSETCATALOG_COMPILER_APPICON_NAME = AppIcon;
				CODE_SIGN_STYLE = Automatic;
				INFOPLIST_FILE = InstaLife/Info.plist;
				LD_RUNPATH_SEARCH_PATHS = "$(inherited) @executable_path/Frameworks";
				PRODUCT_BUNDLE_IDENTIFIER = com.shokry.InstaLife;
				PRODUCT_NAME = "$(TARGET_NAME)";
				SWIFT_VERSION = 4.0;
				TARGETED_DEVICE_FAMILY = "1,2";
			};
			name = Release;
		};
/* End XCBuildConfiguration section */

/* Begin XCConfigurationList section */
		5B04022A205CBADC00756EDF /* Build configuration list for PBXProject "InstaLife" */ = {
			isa = XCConfigurationList;
			buildConfigurations = (
				5B04023F205CBADD00756EDF /* Debug */,
				5B040240205CBADD00756EDF /* Release */,
			);
			defaultConfigurationIsVisible = 0;
			defaultConfigurationName = Release;
		};
		5B040241205CBADD00756EDF /* Build configuration list for PBXNativeTarget "InstaLife" */ = {
			isa = XCConfigurationList;
			buildConfigurations = (
				5B040242205CBADD00756EDF /* Debug */,
				5B040243205CBADD00756EDF /* Release */,
			);
			defaultConfigurationIsVisible = 0;
			defaultConfigurationName = Release;
		};
/* End XCConfigurationList section */
	};
	rootObject = 5B040227205CBADC00756EDF /* Project object */;
}
